
Microsoft Visual Studio Solution File, Format Version 12.00
# Visual Studio Version 17
VisualStudioVersion = 17.0.31903.59
MinimumVisualStudioVersion = 10.0.40219.1
Project("{2150E333-8FDC-42A3-9474-1A3956D46DE8}") = "src", "src", "{827E0CD3-B72D-47B6-A68D-7590B98EB39B}"
EndProject
Project("{2150E333-8FDC-42A3-9474-1A3956D46DE8}") = "BuildingBlocks", "BuildingBlocks", "{90298CBA-BD6F-3A0A-69D5-97CAD7B05E7E}"
EndProject
Project("{FAE04EC0-301F-11D3-BF4B-00C04F79EFBC}") = "AirSecurityDroneControl.BuildingBlocks", "src\BuildingBlocks\AirSecurityDroneControl.BuildingBlocks\AirSecurityDroneControl.BuildingBlocks.csproj", "{0454268B-8245-40E6-91E2-95EAA83B57FB}"
EndProject
Project("{FAE04EC0-301F-11D3-BF4B-00C04F79EFBC}") = "SensorGateway.Api", "src\Services\SensorGateway.Api\SensorGateway.Api.csproj", "{A1E1FD1D-99AE-4733-8FC3-5980C2240F17}"
EndProject
Project("{FAE04EC0-301F-11D3-BF4B-00C04F79EFBC}") = "Fusion.Api", "src\Services\Fusion.Api\Fusion.Api.csproj", "{EE77F6A3-207D-49C2-8C3C-2386D2C22545}"
EndProject
Project("{FAE04EC0-301F-11D3-BF4B-00C04F79EFBC}") = "ThreatScoring.Api", "src\Services\ThreatScoring.Api\ThreatScoring.Api.csproj", "{D59351B7-995A-473A-B7F0-726C7E0F30BF}"
EndProject
Project("{FAE04EC0-301F-11D3-BF4B-00C04F79EFBC}") = "Incidents.Api", "src\Services\Incidents.Api\Incidents.Api.csproj", "{C67C284D-594A-4F99-BAEE-F6F49FF5B0E7}"
EndProject
Project("{FAE04EC0-301F-11D3-BF4B-00C04F79EFBC}") = "CommandCenter.Api", "src\CommandCenter\CommandCenter.Api\CommandCenter.Api.csproj", "{63ED944C-6D35-41E7-987D-58FA6CBA66DD}"
EndProject
Project("{2150E333-8FDC-42A3-9474-1A3956D46DE8}") = "Services", "Services", "{984BB9B3-3FA3-BE33-9484-CAC21695A33C}"
EndProject
Project("{FAE04EC0-301F-11D3-BF4B-00C04F79EFBC}") = "RulesEngine.Api", "src\Services\RulesEngine.Api\RulesEngine.Api.csproj", "{BBE0340F-A158-4637-B181-1C7B2612CD4E}"
EndProject
Project("{FAE04EC0-301F-11D3-BF4B-00C04F79EFBC}") = "Notifications.Api", "src\Services\Notifications.Api\Notifications.Api.csproj", "{F63D304F-7F4E-4FA5-B50D-394E2ACE1F0F}"
EndProject
Project("{FAE04EC0-301F-11D3-BF4B-00C04F79EFBC}") = "Evidence.Api", "src\Services\Evidence.Api\Evidence.Api.csproj", "{2D1EF22D-B8D6-487F-93CC-FD3EB7E05264}"
EndProject
Global
	GlobalSection(SolutionConfigurationPlatforms) = preSolution
		Debug|Any CPU = Debug|Any CPU
		Debug|x64 = Debug|x64
		Debug|x86 = Debug|x86
		Release|Any CPU = Release|Any CPU
		Release|x64 = Release|x64
		Release|x86 = Release|x86
	EndGlobalSection
	GlobalSection(ProjectConfigurationPlatforms) = postSolution
		{0454268B-8245-40E6-91E2-95EAA83B57FB}.Debug|Any CPU.ActiveCfg = Debug|Any CPU
		{0454268B-8245-40E6-91E2-95EAA83B57FB}.Debug|Any CPU.Build.0 = Debug|Any CPU
		{0454268B-8245-40E6-91E2-95EAA83B57FB}.Debug|x64.ActiveCfg = Debug|Any CPU
		{0454268B-8245-40E6-91E2-95EAA83B57FB}.Debug|x64.Build.0 = Debug|Any CPU
		{0454268B-8245-40E6-91E2-95EAA83B57FB}.Debug|x86.ActiveCfg = Debug|Any CPU
		{0454268B-8245-40E6-91E2-95EAA83B57FB}.Debug|x86.Build.0 = Debug|Any CPU
		{0454268B-8245-40E6-91E2-95EAA83B57FB}.Release|Any CPU.ActiveCfg = Release|Any CPU
		{0454268B-8245-40E6-91E2-95EAA83B57FB}.Release|Any CPU.Build.0 = Release|Any CPU
		{0454268B-8245-40E6-91E2-95EAA83B57FB}.Release|x64.ActiveCfg = Release|Any CPU
		{0454268B-8245-40E6-91E2-95EAA83B57FB}.Release|x64.Build.0 = Release|Any CPU
		{0454268B-8245-40E6-91E2-95EAA83B57FB}.Release|x86.ActiveCfg = Release|Any CPU
		{0454268B-8245-40E6-91E2-95EAA83B57FB}.Release|x86.Build.0 = Release|Any CPU
		{A1E1FD1D-99AE-4733-8FC3-5980C2240F17}.Debug|Any CPU.ActiveCfg = Debug|Any CPU
		{A1E1FD1D-99AE-4733-8FC3-5980C2240F17}.Debug|Any CPU.Build.0 = Debug|Any CPU
		{A1E1FD1D-99AE-4733-8FC3-5980C2240F17}.Debug|x64.ActiveCfg = Debug|Any CPU
		{A1E1FD1D-99AE-4733-8FC3-5980C2240F17}.Debug|x64.Build.0 = Debug|Any CPU
		{A1E1FD1D-99AE-4733-8FC3-5980C2240F17}.Debug|x86.ActiveCfg = Debug|Any CPU
		{A1E1FD1D-99AE-4733-8FC3-5980C2240F17}.Debug|x86.Build.0 = Debug|Any CPU
		{A1E1FD1D-99AE-4733-8FC3-5980C2240F17}.Release|Any CPU.ActiveCfg = Release|Any CPU
		{A1E1FD1D-99AE-4733-8FC3-5980C2240F17}.Release|Any CPU.Build.0 = Release|Any CPU
		{A1E1FD1D-99AE-4733-8FC3-5980C2240F17}.Release|x64.ActiveCfg = Release|Any CPU
		{A1E1FD1D-99AE-4733-8FC3-5980C2240F17}.Release|x64.Build.0 = Release|Any CPU
		{A1E1FD1D-99AE-4733-8FC3-5980C2240F17}.Release|x86.ActiveCfg = Release|Any CPU
		{A1E1FD1D-99AE-4733-8FC3-5980C2240F17}.Release|x86.Build.0 = Release|Any CPU
		{EE77F6A3-207D-49C2-8C3C-2386D2C22545}.Debug|Any CPU.ActiveCfg = Debug|Any CPU
		{EE77F6A3-207D-49C2-8C3C-2386D2C22545}.Debug|Any CPU.Build.0 = Debug|Any CPU
		{EE77F6A3-207D-49C2-8C3C-2386D2C22545}.Debug|x64.ActiveCfg = Debug|Any CPU
		{EE77F6A3-207D-49C2-8C3C-2386D2C22545}.Debug|x64.Build.0 = Debug|Any CPU
		{EE77F6A3-207D-49C2-8C3C-2386D2C22545}.Debug|x86.ActiveCfg = Debug|Any CPU
		{EE77F6A3-207D-49C2-8C3C-2386D2C22545}.Debug|x86.Build.0 = Debug|Any CPU
		{EE77F6A3-207D-49C2-8C3C-2386D2C22545}.Release|Any CPU.ActiveCfg = Release|Any CPU
		{EE77F6A3-207D-49C2-8C3C-2386D2C22545}.Release|Any CPU.Build.0 = Release|Any CPU
		{EE77F6A3-207D-49C2-8C3C-2386D2C22545}.Release|x64.ActiveCfg = Release|Any CPU
		{EE77F6A3-207D-49C2-8C3C-2386D2C22545}.Release|x64.Build.0 = Release|Any CPU
		{EE77F6A3-207D-49C2-8C3C-2386D2C22545}.Release|x86.ActiveCfg = Release|Any CPU
		{EE77F6A3-207D-49C2-8C3C-2386D2C22545}.Release|x86.Build.0 = Release|Any CPU
		{D59351B7-995A-473A-B7F0-726C7E0F30BF}.Debug|Any CPU.ActiveCfg = Debug|Any CPU
		{D59351B7-995A-473A-B7F0-726C7E0F30BF}.Debug|Any CPU.Build.0 = Debug|Any CPU
		{D59351B7-995A-473A-B7F0-726C7E0F30BF}.Debug|x64.ActiveCfg = Debug|Any CPU
		{D59351B7-995A-473A-B7F0-726C7E0F30BF}.Debug|x64.Build.0 = Debug|Any CPU
		{D59351B7-995A-473A-B7F0-726C7E0F30BF}.Debug|x86.ActiveCfg = Debug|Any CPU
		{D59351B7-995A-473A-B7F0-726C7E0F30BF}.Debug|x86.Build.0 = Debug|Any CPU
		{D59351B7-995A-473A-B7F0-726C7E0F30BF}.Release|Any CPU.ActiveCfg = Release|Any CPU
		{D59351B7-995A-473A-B7F0-726C7E0F30BF}.Release|Any CPU.Build.0 = Release|Any CPU
		{D59351B7-995A-473A-B7F0-726C7E0F30BF}.Release|x64.ActiveCfg = Release|Any CPU
		{D59351B7-995A-473A-B7F0-726C7E0F30BF}.Release|x64.Build.0 = Release|Any CPU
		{D59351B7-995A-473A-B7F0-726C7E0F30BF}.Release|x86.ActiveCfg = Release|Any CPU
		{D59351B7-995A-473A-B7F0-726C7E0F30BF}.Release|x86.Build.0 = Release|Any CPU
		{C67C284D-594A-4F99-BAEE-F6F49FF5B0E7}.Debug|Any CPU.ActiveCfg = Debug|Any CPU
		{C67C284D-594A-4F99-BAEE-F6F49FF5B0E7}.Debug|Any CPU.Build.0 = Debug|Any CPU
		{C67C284D-594A-4F99-BAEE-F6F49FF5B0E7}.Debug|x64.ActiveCfg = Debug|Any CPU
		{C67C284D-594A-4F99-BAEE-F6F49FF5B0E7}.Debug|x64.Build.0 = Debug|Any CPU
		{C67C284D-594A-4F99-BAEE-F6F49FF5B0E7}.Debug|x86.ActiveCfg = Debug|Any CPU
		{C67C284D-594A-4F99-BAEE-F6F49FF5B0E7}.Debug|x86.Build.0 = Debug|Any CPU
		{C67C284D-594A-4F99-BAEE-F6F49FF5B0E7}.Release|Any CPU.ActiveCfg = Release|Any CPU
		{C67C284D-594A-4F99-BAEE-F6F49FF5B0E7}.Release|Any CPU.Build.0 = Release|Any CPU
		{C67C284D-594A-4F99-BAEE-F6F49FF5B0E7}.Release|x64.ActiveCfg = Release|Any CPU
		{C67C284D-594A-4F99-BAEE-F6F49FF5B0E7}.Release|x64.Build.0 = Release|Any CPU
		{C67C284D-594A-4F99-BAEE-F6F49FF5B0E7}.Release|x86.ActiveCfg = Release|Any CPU
		{C67C284D-594A-4F99-BAEE-F6F49FF5B0E7}.Release|x86.Build.0 = Release|Any CPU
		{63ED944C-6D35-41E7-987D-58FA6CBA66DD}.Debug|Any CPU.ActiveCfg = Debug|Any CPU
		{63ED944C-6D35-41E7-987D-58FA6CBA66DD}.Debug|Any CPU.Build.0 = Debug|Any CPU
		{63ED944C-6D35-41E7-987D-58FA6CBA66DD}.Debug|x64.ActiveCfg = Debug|Any CPU
		{63ED944C-6D35-41E7-987D-58FA6CBA66DD}.Debug|x64.Build.0 = Debug|Any CPU
		{63ED944C-6D35-41E7-987D-58FA6CBA66DD}.Debug|x86.ActiveCfg = Debug|Any CPU
		{63ED944C-6D35-41E7-987D-58FA6CBA66DD}.Debug|x86.Build.0 = Debug|Any CPU
		{63ED944C-6D35-41E7-987D-58FA6CBA66DD}.Release|Any CPU.ActiveCfg = Release|Any CPU
		{63ED944C-6D35-41E7-987D-58FA6CBA66DD}.Release|Any CPU.Build.0 = Release|Any CPU
		{63ED944C-6D35-41E7-987D-58FA6CBA66DD}.Release|x64.ActiveCfg = Release|Any CPU
		{63ED944C-6D35-41E7-987D-58FA6CBA66DD}.Release|x64.Build.0 = Release|Any CPU
		{63ED944C-6D35-41E7-987D-58FA6CBA66DD}.Release|x86.ActiveCfg = Release|Any CPU
		{63ED944C-6D35-41E7-987D-58FA6CBA66DD}.Release|x86.Build.0 = Release|Any CPU
		{BBE0340F-A158-4637-B181-1C7B2612CD4E}.Debug|Any CPU.ActiveCfg = Debug|Any CPU
		{BBE0340F-A158-4637-B181-1C7B2612CD4E}.Debug|Any CPU.Build.0 = Debug|Any CPU
		{BBE0340F-A158-4637-B181-1C7B2612CD4E}.Debug|x64.ActiveCfg = Debug|Any CPU
		{BBE0340F-A158-4637-B181-1C7B2612CD4E}.Debug|x64.Build.0 = Debug|Any CPU
		{BBE0340F-A158-4637-B181-1C7B2612CD4E}.Debug|x86.ActiveCfg = Debug|Any CPU
		{BBE0340F-A158-4637-B181-1C7B2612CD4E}.Debug|x86.Build.0 = Debug|Any CPU
		{BBE0340F-A158-4637-B181-1C7B2612CD4E}.Release|Any CPU.ActiveCfg = Release|Any CPU
		{BBE0340F-A158-4637-B181-1C7B2612CD4E}.Release|Any CPU.Build.0 = Release|Any CPU
		{BBE0340F-A158-4637-B181-1C7B2612CD4E}.Release|x64.ActiveCfg = Release|Any CPU
		{BBE0340F-A158-4637-B181-1C7B2612CD4E}.Release|x64.Build.0 = Release|Any CPU
		{BBE0340F-A158-4637-B181-1C7B2612CD4E}.Release|x86.ActiveCfg = Release|Any CPU
		{BBE0340F-A158-4637-B181-1C7B2612CD4E}.Release|x86.Build.0 = Release|Any CPU
		{F63D304F-7F4E-4FA5-B50D-394E2ACE1F0F}.Debug|Any CPU.ActiveCfg = Debug|Any CPU
		{F63D304F-7F4E-4FA5-B50D-394E2ACE1F0F}.Debug|Any CPU.Build.0 = Debug|Any CPU
		{F63D304F-7F4E-4FA5-B50D-394E2ACE1F0F}.Debug|x64.ActiveCfg = Debug|Any CPU
		{F63D304F-7F4E-4FA5-B50D-394E2ACE1F0F}.Debug|x64.Build.0 = Debug|Any CPU
		{F63D304F-7F4E-4FA5-B50D-394E2ACE1F0F}.Debug|x86.ActiveCfg = Debug|Any CPU
		{F63D304F-7F4E-4FA5-B50D-394E2ACE1F0F}.Debug|x86.Build.0 = Debug|Any CPU
		{F63D304F-7F4E-4FA5-B50D-394E2ACE1F0F}.Release|Any CPU.ActiveCfg = Release|Any CPU
		{F63D304F-7F4E-4FA5-B50D-394E2ACE1F0F}.Release|Any CPU.Build.0 = Release|Any CPU
		{F63D304F-7F4E-4FA5-B50D-394E2ACE1F0F}.Release|x64.ActiveCfg = Release|Any CPU
		{F63D304F-7F4E-4FA5-B50D-394E2ACE1F0F}.Release|x64.Build.0 = Release|Any CPU
		{F63D304F-7F4E-4FA5-B50D-394E2ACE1F0F}.Release|x86.ActiveCfg = Release|Any CPU
		{F63D304F-7F4E-4FA5-B50D-394E2ACE1F0F}.Release|x86.Build.0 = Release|Any CPU
		{2D1EF22D-B8D6-487F-93CC-FD3EB7E05264}.Debug|Any CPU.ActiveCfg = Debug|Any CPU
		{2D1EF22D-B8D6-487F-93CC-FD3EB7E05264}.Debug|Any CPU.Build.0 = Debug|Any CPU
		{2D1EF22D-B8D6-487F-93CC-FD3EB7E05264}.Debug|x64.ActiveCfg = Debug|Any CPU
		{2D1EF22D-B8D6-487F-93CC-FD3EB7E05264}.Debug|x64.Build.0 = Debug|Any CPU
		{2D1EF22D-B8D6-487F-93CC-FD3EB7E05264}.Debug|x86.ActiveCfg = Debug|Any CPU
		{2D1EF22D-B8D6-487F-93CC-FD3EB7E05264}.Debug|x86.Build.0 = Debug|Any CPU
		{2D1EF22D-B8D6-487F-93CC-FD3EB7E05264}.Release|Any CPU.ActiveCfg = Release|Any CPU
		{2D1EF22D-B8D6-487F-93CC-FD3EB7E05264}.Release|Any CPU.Build.0 = Release|Any CPU
		{2D1EF22D-B8D6-487F-93CC-FD3EB7E05264}.Release|x64.ActiveCfg = Release|Any CPU
		{2D1EF22D-B8D6-487F-93CC-FD3EB7E05264}.Release|x64.Build.0 = Release|Any CPU
		{2D1EF22D-B8D6-487F-93CC-FD3EB7E05264}.Release|x86.ActiveCfg = Release|Any CPU
		{2D1EF22D-B8D6-487F-93CC-FD3EB7E05264}.Release|x86.Build.0 = Release|Any CPU
	EndGlobalSection
	GlobalSection(SolutionProperties) = preSolution
		HideSolutionNode = FALSE
	EndGlobalSection
	GlobalSection(NestedProjects) = preSolution
		{90298CBA-BD6F-3A0A-69D5-97CAD7B05E7E} = {827E0CD3-B72D-47B6-A68D-7590B98EB39B}
		{0454268B-8245-40E6-91E2-95EAA83B57FB} = {90298CBA-BD6F-3A0A-69D5-97CAD7B05E7E}
		{A1E1FD1D-99AE-4733-8FC3-5980C2240F17} = {90298CBA-BD6F-3A0A-69D5-97CAD7B05E7E}
		{EE77F6A3-207D-49C2-8C3C-2386D2C22545} = {90298CBA-BD6F-3A0A-69D5-97CAD7B05E7E}
		{D59351B7-995A-473A-B7F0-726C7E0F30BF} = {90298CBA-BD6F-3A0A-69D5-97CAD7B05E7E}
		{C67C284D-594A-4F99-BAEE-F6F49FF5B0E7} = {90298CBA-BD6F-3A0A-69D5-97CAD7B05E7E}
		{63ED944C-6D35-41E7-987D-58FA6CBA66DD} = {90298CBA-BD6F-3A0A-69D5-97CAD7B05E7E}
		{984BB9B3-3FA3-BE33-9484-CAC21695A33C} = {827E0CD3-B72D-47B6-A68D-7590B98EB39B}
		{BBE0340F-A158-4637-B181-1C7B2612CD4E} = {984BB9B3-3FA3-BE33-9484-CAC21695A33C}
		{F63D304F-7F4E-4FA5-B50D-394E2ACE1F0F} = {984BB9B3-3FA3-BE33-9484-CAC21695A33C}
		{2D1EF22D-B8D6-487F-93CC-FD3EB7E05264} = {984BB9B3-3FA3-BE33-9484-CAC21695A33C}
	EndGlobalSection
EndGlobal
